
Microsoft Visual Studio Solution File, Format Version 12.00
# Visual Studio Version 17
VisualStudioVersion = 17.5.33516.290
MinimumVisualStudioVersion = 10.0.40219.1
Project("{FAE04EC0-301F-11D3-BF4B-00C04F79EFBC}") = "Contenda.Sdk", "Contenda.Sdk\Contenda.Sdk.csproj", "{93AB3B49-CB79-4181-BCE7-C9D032F96D78}"
EndProject
Project("{FAE04EC0-301F-11D3-BF4B-00C04F79EFBC}") = "Contenda.SdkDemo", "Contenda.SdkDemo\Contenda.SdkDemo.csproj", "{5A2A42AA-D720-42A0-9FE7-A4BA9ADCAB80}"
EndProject
Global
	GlobalSection(SolutionConfigurationPlatforms) = preSolution
		Debug|Any CPU = Debug|Any CPU
		Release|Any CPU = Release|Any CPU
	EndGlobalSection
	GlobalSection(ProjectConfigurationPlatforms) = postSolution
		{93AB3B49-CB79-4181-BCE7-C9D032F96D78}.Debug|Any CPU.ActiveCfg = Debug|Any CPU
		{93AB3B49-CB79-4181-BCE7-C9D032F96D78}.Debug|Any CPU.Build.0 = Debug|Any CPU
		{93AB3B49-CB79-4181-BCE7-C9D032F96D78}.Release|Any CPU.ActiveCfg = Release|Any CPU
		{93AB3B49-CB79-4181-BCE7-C9D032F96D78}.Release|Any CPU.Build.0 = Release|Any CPU
		{5A2A42AA-D720-42A0-9FE7-A4BA9ADCAB80}.Debug|Any CPU.ActiveCfg = Debug|Any CPU
		{5A2A42AA-D720-42A0-9FE7-A4BA9ADCAB80}.Debug|Any CPU.Build.0 = Debug|Any CPU
		{5A2A42AA-D720-42A0-9FE7-A4BA9ADCAB80}.Release|Any CPU.ActiveCfg = Release|Any CPU
		{5A2A42AA-D720-42A0-9FE7-A4BA9ADCAB80}.Release|Any CPU.Build.0 = Release|Any CPU
	EndGlobalSection
	GlobalSection(SolutionProperties) = preSolution
		HideSolutionNode = FALSE
	EndGlobalSection
	GlobalSection(ExtensibilityGlobals) = postSolution
		SolutionGuid = {6FA63A3A-9B90-441D-9926-C30161C79A09}
	EndGlobalSection
EndGlobal
